
Microsoft Visual Studio Solution File, Format Version 12.00
# Visual Studio Version 16
VisualStudioVersion = 16.0.29728.190
MinimumVisualStudioVersion = 10.0.40219.1
Project("{FAE04EC0-301F-11D3-BF4B-00C04F79EFBC}") = "Animals", "Animals\Animals.csproj", "{5172EBEF-BF19-47BD-AECC-D9C90E75A5CF}"
EndProject
Project("{FAE04EC0-301F-11D3-BF4B-00C04F79EFBC}") = "AnimalLibrary", "AnimalLibrary\AnimalLibrary.csproj", "{7A2E4E1B-F2ED-4B9E-B9BF-EBF538FA4102}"
EndProject
Global
	GlobalSection(SolutionConfigurationPlatforms) = preSolution
		Debug|Any CPU = Debug|Any CPU
		Release|Any CPU = Release|Any CPU
	EndGlobalSection
	GlobalSection(ProjectConfigurationPlatforms) = postSolution
		{5172EBEF-BF19-47BD-AECC-D9C90E75A5CF}.Debug|Any CPU.ActiveCfg = Debug|Any CPU
		{5172EBEF-BF19-47BD-AECC-D9C90E75A5CF}.Debug|Any CPU.Build.0 = Debug|Any CPU
		{5172EBEF-BF19-47BD-AECC-D9C90E75A5CF}.Release|Any CPU.ActiveCfg = Release|Any CPU
		{5172EBEF-BF19-47BD-AECC-D9C90E75A5CF}.Release|Any CPU.Build.0 = Release|Any CPU
		{7A2E4E1B-F2ED-4B9E-B9BF-EBF538FA4102}.Debug|Any CPU.ActiveCfg = Debug|Any CPU
		{7A2E4E1B-F2ED-4B9E-B9BF-EBF538FA4102}.Debug|Any CPU.Build.0 = Debug|Any CPU
		{7A2E4E1B-F2ED-4B9E-B9BF-EBF538FA4102}.Release|Any CPU.ActiveCfg = Release|Any CPU
		{7A2E4E1B-F2ED-4B9E-B9BF-EBF538FA4102}.Release|Any CPU.Build.0 = Release|Any CPU
	EndGlobalSection
	GlobalSection(SolutionProperties) = preSolution
		HideSolutionNode = FALSE
	EndGlobalSection
	GlobalSection(ExtensibilityGlobals) = postSolution
		SolutionGuid = {46F08396-214A-4F8B-8088-99E0072BFC0F}
	EndGlobalSection
EndGlobal
